<?xml version="1.0" encoding="utf-8"?>
<Project ToolsVersion="4.0" xmlns="http://schemas.microsoft.com/developer/msbuild/2003">
  <ItemGroup>
    <Filter Include="Source Files">
      <UniqueIdentifier>{4FC737F1-C7A5-4376-A066-2A32D752A2FF}</UniqueIdentifier>
      <Extensions>cpp;c;cc;cxx;c++;cppm;ixx;def;odl;idl;hpj;bat;asm;asmx</Extensions>
    </Filter>
    <Filter Include="Header Files">
      <UniqueIdentifier>{93995380-89BD-4b04-88EB-625FBE52EBFB}</UniqueIdentifier>
      <Extensions>h;hh;hpp;hxx;h++;hm;inl;inc;ipp;xsd</Extensions>
    </Filter>
    <Filter Include="Resource Files">
      <UniqueIdentifier>{67DA6AB6-F800-4c08-8B7A-83BB121AAD01}</UniqueIdentifier>
      <Extensions>rc;ico;cur;bmp;dlg;rc2;rct;bin;rgs;gif;jpg;jpeg;jpe;resx;tiff;tif;png;wav;mfcribbon-ms</Extensions>
    </Filter>
    <Filter Include="Source Files\Manager">
      <UniqueIdentifier>{ec2de7e8-9298-429a-bf14-017a56b76620}</UniqueIdentifier>
    </Filter>
    <Filter Include="Source Files\Manager\Font">
      <UniqueIdentifier>{9d3162a3-8667-4147-9867-d31349234779}</UniqueIdentifier>
    </Filter>
    <Filter Include="Source Files\Manager\Texture">
      <UniqueIdentifier>{e551c867-c73c-4ce5-9915-47580eda7542}</UniqueIdentifier>
    </Filter>
    <Filter Include="Source Files\Manager\Music">
      <UniqueIdentifier>{dcd05cb7-3edd-49d0-b881-c236a201b40b}</UniqueIdentifier>
    </Filter>
    <Filter Include="Source Files\Manager\Timer">
      <UniqueIdentifier>{39c96c21-5fc8-40cf-ba5f-1103f27671a0}</UniqueIdentifier>
    </Filter>
    <Filter Include="Source Files\Manager\Particule">
      <UniqueIdentifier>{4b486ed7-6fd8-4e5a-b478-816e1819017d}</UniqueIdentifier>
    </Filter>
    <Filter Include="Source Files\Manager\Menu">
      <UniqueIdentifier>{d53c7ae5-a89e-4b3e-ad7e-b95e1a46fb25}</UniqueIdentifier>
    </Filter>
    <Filter Include="Source Files\Manager\Sound">
      <UniqueIdentifier>{897e386d-d983-41d0-bf3b-d72b8cf39f49}</UniqueIdentifier>
    </Filter>
    <Filter Include="Source Files\Manager\Entity">
      <UniqueIdentifier>{896613ca-f948-4a2a-9622-5024e6d154cc}</UniqueIdentifier>
    </Filter>
    <Filter Include="Source Files\Manager\Input">
      <UniqueIdentifier>{5a83a3fd-3629-4729-b01d-b58438a12558}</UniqueIdentifier>
    </Filter>
    <Filter Include="Source Files\Object">
      <UniqueIdentifier>{d39011a0-c318-4358-88d1-a06a6720ffe9}</UniqueIdentifier>
    </Filter>
    <Filter Include="Source Files\Object\Entity">
      <UniqueIdentifier>{cc18360a-4b79-4a47-b520-75e4829c0ab1}</UniqueIdentifier>
    </Filter>
    <Filter Include="Source Files\Component">
      <UniqueIdentifier>{a6eab028-832f-4807-8482-dacce8b26275}</UniqueIdentifier>
    </Filter>
    <Filter Include="Source Files\Object\UiElement">
      <UniqueIdentifier>{9a86a053-e6ea-473f-a759-cd45d33ef8fe}</UniqueIdentifier>
    </Filter>
    <Filter Include="Source Files\Macro">
      <UniqueIdentifier>{68a71fe7-d916-4f58-af59-9fef0af9b051}</UniqueIdentifier>
    </Filter>
    <Filter Include="Source Files\Debug">
      <UniqueIdentifier>{06c6298b-457e-4b1d-ba0c-4f4e2f639d64}</UniqueIdentifier>
    </Filter>
    <Filter Include="Source Files\Manager\Camera">
      <UniqueIdentifier>{8f60e1ae-d1db-48e1-919e-f078aa20c44f}</UniqueIdentifier>
    </Filter>
    <Filter Include="Source Files\Component\Animation">
      <UniqueIdentifier>{f3eb255c-b345-4f4a-bceb-703fceddbdb9}</UniqueIdentifier>
    </Filter>
    <Filter Include="Source Files\Component\Rythm">
      <UniqueIdentifier>{86b2fb8d-15f1-49de-b16c-221b7ae1a651}</UniqueIdentifier>
    </Filter>
    <Filter Include="Source Files\Map">
      <UniqueIdentifier>{a64053eb-d87f-4ef0-9af8-3be1234a0eeb}</UniqueIdentifier>
    </Filter>
  </ItemGroup>
  <ItemGroup>
    <ClCompile Include="Main.cpp">
      <Filter>Source Files</Filter>
    </ClCompile>
    <ClCompile Include="EntityManager.cpp">
      <Filter>Source Files\Manager\Entity</Filter>
    </ClCompile>
    <ClCompile Include="FontData.cpp">
      <Filter>Source Files\Manager\Font</Filter>
    </ClCompile>
    <ClCompile Include="FontManager.cpp">
      <Filter>Source Files\Manager\Font</Filter>
    </ClCompile>
    <ClCompile Include="SoundData.cpp">
      <Filter>Source Files\Manager\Sound</Filter>
    </ClCompile>
    <ClCompile Include="SoundManager.cpp">
      <Filter>Source Files\Manager\Sound</Filter>
    </ClCompile>
    <ClCompile Include="MenuManager.cpp">
      <Filter>Source Files\Manager\Menu</Filter>
    </ClCompile>
    <ClCompile Include="Menu.cpp">
      <Filter>Source Files\Manager\Menu</Filter>
    </ClCompile>
    <ClCompile Include="ParticleSystem.cpp">
      <Filter>Source Files\Manager\Particule</Filter>
    </ClCompile>
    <ClCompile Include="ParticleManager.cpp">
      <Filter>Source Files\Manager\Particule</Filter>
    </ClCompile>
    <ClCompile Include="Timer.cpp">
      <Filter>Source Files\Manager\Timer</Filter>
    </ClCompile>
    <ClCompile Include="TimerManager.cpp">
      <Filter>Source Files\Manager\Timer</Filter>
    </ClCompile>
    <ClCompile Include="TextureData.cpp">
      <Filter>Source Files\Manager\Texture</Filter>
    </ClCompile>
    <ClCompile Include="TextureManager.cpp">
      <Filter>Source Files\Manager\Texture</Filter>
    </ClCompile>
    <ClCompile Include="InputManager.cpp">
      <Filter>Source Files\Manager\Input</Filter>
    </ClCompile>
    <ClCompile Include="InputData.cpp">
      <Filter>Source Files\Manager\Input</Filter>
    </ClCompile>
    <ClCompile Include="Entity.cpp">
      <Filter>Source Files\Object\Entity</Filter>
    </ClCompile>
    <ClCompile Include="Object.cpp">
      <Filter>Source Files\Object</Filter>
    </ClCompile>
    <ClCompile Include="Action.cpp">
      <Filter>Source Files\Manager\Input</Filter>
    </ClCompile>
    <ClCompile Include="ActionMap.cpp">
      <Filter>Source Files\Manager\Input</Filter>
    </ClCompile>
    <ClCompile Include="Component.cpp">
      <Filter>Source Files\Component</Filter>
    </ClCompile>
    <ClCompile Include="UIButton.cpp">
      <Filter>Source Files\Object\UiElement</Filter>
    </ClCompile>
    <ClCompile Include="UIElement.cpp">
      <Filter>Source Files\Object\UiElement</Filter>
    </ClCompile>
    <ClCompile Include="UIText.cpp">
      <Filter>Source Files\Object\UiElement</Filter>
    </ClCompile>
    <ClCompile Include="ProgressBar.cpp">
      <Filter>Source Files\Object\UiElement</Filter>
    </ClCompile>
    <ClCompile Include="Macro.cpp">
      <Filter>Source Files\Macro</Filter>
    </ClCompile>
    <ClCompile Include="Game.cpp">
      <Filter>Source Files</Filter>
    </ClCompile>
    <ClCompile Include="Camera.cpp">
      <Filter>Source Files\Manager\Camera</Filter>
    </ClCompile>
    <ClCompile Include="CameraManager.cpp">
      <Filter>Source Files\Manager\Camera</Filter>
    </ClCompile>
    <ClCompile Include="UIImage.cpp">
      <Filter>Source Files</Filter>
    </ClCompile>
    <ClCompile Include="Inventory.cpp">
      <Filter>Source Files</Filter>
    </ClCompile>
    <ClCompile Include="Items.cpp">
      <Filter>Source Files</Filter>
    </ClCompile>
    <ClCompile Include="Player.cpp">
      <Filter>Source Files</Filter>
    </ClCompile>
    <ClCompile Include="PlayerRessource.cpp">
      <Filter>Source Files</Filter>
    </ClCompile>
    <ClCompile Include="Throwable.cpp">
      <Filter>Source Files</Filter>
    </ClCompile>
    <ClCompile Include="Wearable.cpp">
      <Filter>Source Files</Filter>
    </ClCompile>
    <ClCompile Include="Animation.cpp">
      <Filter>Source Files\Component\Animation</Filter>
    </ClCompile>
    <ClCompile Include="AnimationComponent.cpp">
      <Filter>Source Files\Component\Animation</Filter>
    </ClCompile>
    <ClCompile Include="MusicData.cpp">
      <Filter>Source Files</Filter>
    </ClCompile>
    <ClCompile Include="MusicManager.cpp">
      <Filter>Source Files</Filter>
    </ClCompile>
    <ClCompile Include="RythmComponent.cpp">
      <Filter>Source Files\Component\Rythm</Filter>
    </ClCompile>
    <ClCompile Include="Consommable.cpp">
      <Filter>Source Files</Filter>
    </ClCompile>
    <ClCompile Include="Usable.cpp">
      <Filter>Source Files</Filter>
    </ClCompile>
    <ClCompile Include="Map.cpp">
      <Filter>Source Files\Map</Filter>
    </ClCompile>
    <ClCompile Include="Room.cpp">
      <Filter>Source Files\Map</Filter>
    </ClCompile>
    <ClCompile Include="Tile.cpp">
      <Filter>Source Files\Map</Filter>
    </ClCompile>
    <ClCompile Include="CollisionComponent.cpp">
      <Filter>Source Files</Filter>
    </ClCompile>
    <ClCompile Include="DamageComponent.cpp">
      <Filter>Source Files</Filter>
    </ClCompile>
    <ClCompile Include="LifeComponent.cpp">
      <Filter>Source Files</Filter>
    </ClCompile>
    <ClCompile Include="MovementComponent.cpp">
      <Filter>Source Files</Filter>
    </ClCompile>
    <ClCompile Include="Saveable.cpp">
      <Filter>Source Files</Filter>
    </ClCompile>
    <ClCompile Include="Wall.cpp">
      <Filter>Source Files</Filter>
    </ClCompile>
    <ClCompile Include="Path.cpp">
      <Filter>Source Files</Filter>
    </ClCompile>
  </ItemGroup>
  <ItemGroup>
    <ClInclude Include="EntityManager.h">
      <Filter>Source Files\Manager\Entity</Filter>
    </ClInclude>
    <ClInclude Include="FontData.h">
      <Filter>Source Files\Manager\Font</Filter>
    </ClInclude>
    <ClInclude Include="FontManager.h">
      <Filter>Source Files\Manager\Font</Filter>
    </ClInclude>
    <ClInclude Include="SoundData.h">
      <Filter>Source Files\Manager\Sound</Filter>
    </ClInclude>
    <ClInclude Include="SoundManager.h">
      <Filter>Source Files\Manager\Sound</Filter>
    </ClInclude>
    <ClInclude Include="MenuManager.h">
      <Filter>Source Files\Manager\Menu</Filter>
    </ClInclude>
    <ClInclude Include="Menu.h">
      <Filter>Source Files\Manager\Menu</Filter>
    </ClInclude>
    <ClInclude Include="ParticleSystem.h">
      <Filter>Source Files\Manager\Particule</Filter>
    </ClInclude>
    <ClInclude Include="ParticleManager.h">
      <Filter>Source Files\Manager\Particule</Filter>
    </ClInclude>
    <ClInclude Include="Timer.h">
      <Filter>Source Files\Manager\Timer</Filter>
    </ClInclude>
    <ClInclude Include="TimerManager.h">
      <Filter>Source Files\Manager\Timer</Filter>
    </ClInclude>
    <ClInclude Include="TextureData.h">
      <Filter>Source Files\Manager\Texture</Filter>
    </ClInclude>
    <ClInclude Include="TextureManager.h">
      <Filter>Source Files\Manager\Texture</Filter>
    </ClInclude>
    <ClInclude Include="InputManager.h">
      <Filter>Source Files\Manager\Input</Filter>
    </ClInclude>
    <ClInclude Include="InputData.h">
      <Filter>Source Files\Manager\Input</Filter>
    </ClInclude>
    <ClInclude Include="IManagable.h">
      <Filter>Source Files\Manager</Filter>
    </ClInclude>
    <ClInclude Include="IManager.h">
      <Filter>Source Files\Manager</Filter>
    </ClInclude>
    <ClInclude Include="Singleton.h">
      <Filter>Source Files\Manager</Filter>
    </ClInclude>
    <ClInclude Include="Entity.h">
      <Filter>Source Files\Object\Entity</Filter>
    </ClInclude>
    <ClInclude Include="Object.h">
      <Filter>Source Files\Object</Filter>
    </ClInclude>
    <ClInclude Include="Action.h">
      <Filter>Source Files\Manager\Input</Filter>
    </ClInclude>
    <ClInclude Include="ActionMap.h">
      <Filter>Source Files\Manager\Input</Filter>
    </ClInclude>
    <ClInclude Include="Component.h">
      <Filter>Source Files\Component</Filter>
    </ClInclude>
    <ClInclude Include="UIButton.h">
      <Filter>Source Files\Object\UiElement</Filter>
    </ClInclude>
    <ClInclude Include="UIElement.h">
      <Filter>Source Files\Object\UiElement</Filter>
    </ClInclude>
    <ClInclude Include="UIText.h">
      <Filter>Source Files\Object\UiElement</Filter>
    </ClInclude>
    <ClInclude Include="ProgressBar.h">
      <Filter>Source Files\Object\UiElement</Filter>
    </ClInclude>
    <ClInclude Include="Macro.h">
      <Filter>Source Files\Macro</Filter>
    </ClInclude>
    <ClInclude Include="Debug.h">
      <Filter>Source Files\Debug</Filter>
    </ClInclude>
    <ClInclude Include="Game.h">
      <Filter>Header Files</Filter>
    </ClInclude>
    <ClInclude Include="Camera.h">
      <Filter>Source Files\Manager\Camera</Filter>
    </ClInclude>
    <ClInclude Include="CameraManager.h">
      <Filter>Source Files\Manager\Camera</Filter>
    </ClInclude>
    <ClInclude Include="UIImage.h">
      <Filter>Header Files</Filter>
    </ClInclude>
    <ClInclude Include="Inventory.h">
      <Filter>Source Files</Filter>
    </ClInclude>
    <ClInclude Include="Items.h">
      <Filter>Source Files</Filter>
    </ClInclude>
    <ClInclude Include="Player.h">
      <Filter>Source Files</Filter>
    </ClInclude>
    <ClInclude Include="PlayerRessource.h">
      <Filter>Source Files</Filter>
    </ClInclude>
    <ClInclude Include="Throwable.h">
      <Filter>Source Files</Filter>
    </ClInclude>
    <ClInclude Include="Wearable.h">
      <Filter>Source Files</Filter>
    </ClInclude>
    <ClInclude Include="Animation.h">
      <Filter>Source Files\Component\Animation</Filter>
    </ClInclude>
    <ClInclude Include="AnimationComponent.h">
      <Filter>Source Files\Component\Animation</Filter>
    </ClInclude>
    <ClInclude Include="MusicData.h">
      <Filter>Header Files</Filter>
    </ClInclude>
    <ClInclude Include="MusicManager.h">
      <Filter>Header Files</Filter>
    </ClInclude>
    <ClInclude Include="RythmComponent.h">
      <Filter>Source Files\Component\Rythm</Filter>
    </ClInclude>
    <ClInclude Include="Consommable.h">
      <Filter>Header Files</Filter>
    </ClInclude>
    <ClInclude Include="Usable.h">
      <Filter>Header Files</Filter>
    </ClInclude>
    <ClInclude Include="Map.h">
      <Filter>Source Files\Map</Filter>
    </ClInclude>
    <ClInclude Include="Room.h">
      <Filter>Source Files\Map</Filter>
    </ClInclude>
    <ClInclude Include="Tile.h">
      <Filter>Source Files\Map</Filter>
    </ClInclude>
    <ClInclude Include="CollisionComponent.h">
      <Filter>Header Files</Filter>
    </ClInclude>
    <ClInclude Include="DamageComponent.h">
      <Filter>Header Files</Filter>
    </ClInclude>
    <ClInclude Include="LifeComponent.h">
      <Filter>Header Files</Filter>
    </ClInclude>
    <ClInclude Include="MovementComponent.h">
      <Filter>Header Files</Filter>
    </ClInclude>
    <ClInclude Include="Saveable.h">
      <Filter>Header Files</Filter>
    </ClInclude>
    <ClInclude Include="Wall.h">
      <Filter>Header Files</Filter>
    </ClInclude>
    <ClInclude Include="Path.h">
      <Filter>Header Files</Filter>
    </ClInclude>
  </ItemGroup>
</Project>