<?xml version="1.0" encoding="utf-8"?>
<Project ToolsVersion="4.0" xmlns="http://schemas.microsoft.com/developer/msbuild/2003">
  <ItemGroup>
    <Filter Include="Source Files">
      <UniqueIdentifier>{4FC737F1-C7A5-4376-A066-2A32D752A2FF}</UniqueIdentifier>
      <Extensions>cpp;c;cc;cxx;c++;cppm;ixx;def;odl;idl;hpj;bat;asm;asmx</Extensions>
    </Filter>
    <Filter Include="Header Files">
      <UniqueIdentifier>{93995380-89BD-4b04-88EB-625FBE52EBFB}</UniqueIdentifier>
      <Extensions>h;hh;hpp;hxx;h++;hm;inl;inc;ipp;xsd</Extensions>
    </Filter>
    <Filter Include="Resource Files">
      <UniqueIdentifier>{67DA6AB6-F800-4c08-8B7A-83BB121AAD01}</UniqueIdentifier>
      <Extensions>rc;ico;cur;bmp;dlg;rc2;rct;bin;rgs;gif;jpg;jpeg;jpe;resx;tiff;tif;png;wav;mfcribbon-ms</Extensions>
    </Filter>
    <Filter Include="Source Files\Manager">
      <UniqueIdentifier>{ec2de7e8-9298-429a-bf14-017a56b76620}</UniqueIdentifier>
    </Filter>
    <Filter Include="Source Files\Manager\Font">
      <UniqueIdentifier>{9d3162a3-8667-4147-9867-d31349234779}</UniqueIdentifier>
    </Filter>
    <Filter Include="Source Files\Manager\Texture">
      <UniqueIdentifier>{e551c867-c73c-4ce5-9915-47580eda7542}</UniqueIdentifier>
    </Filter>
    <Filter Include="Source Files\Manager\Music">
      <UniqueIdentifier>{dcd05cb7-3edd-49d0-b881-c236a201b40b}</UniqueIdentifier>
    </Filter>
    <Filter Include="Source Files\Manager\Timer">
      <UniqueIdentifier>{39c96c21-5fc8-40cf-ba5f-1103f27671a0}</UniqueIdentifier>
    </Filter>
    <Filter Include="Source Files\Manager\Particule">
      <UniqueIdentifier>{4b486ed7-6fd8-4e5a-b478-816e1819017d}</UniqueIdentifier>
    </Filter>
    <Filter Include="Source Files\Manager\Menu">
      <UniqueIdentifier>{d53c7ae5-a89e-4b3e-ad7e-b95e1a46fb25}</UniqueIdentifier>
    </Filter>
    <Filter Include="Source Files\Manager\Sound">
      <UniqueIdentifier>{897e386d-d983-41d0-bf3b-d72b8cf39f49}</UniqueIdentifier>
    </Filter>
    <Filter Include="Source Files\Manager\Entity">
      <UniqueIdentifier>{896613ca-f948-4a2a-9622-5024e6d154cc}</UniqueIdentifier>
    </Filter>
    <Filter Include="Source Files\Manager\Input">
      <UniqueIdentifier>{5a83a3fd-3629-4729-b01d-b58438a12558}</UniqueIdentifier>
    </Filter>
    <Filter Include="Source Files\Object">
      <UniqueIdentifier>{d39011a0-c318-4358-88d1-a06a6720ffe9}</UniqueIdentifier>
    </Filter>
    <Filter Include="Source Files\Object\Entity">
      <UniqueIdentifier>{cc18360a-4b79-4a47-b520-75e4829c0ab1}</UniqueIdentifier>
    </Filter>
    <Filter Include="Source Files\Component">
      <UniqueIdentifier>{a6eab028-832f-4807-8482-dacce8b26275}</UniqueIdentifier>
    </Filter>
    <Filter Include="Source Files\Object\UiElement">
      <UniqueIdentifier>{9a86a053-e6ea-473f-a759-cd45d33ef8fe}</UniqueIdentifier>
    </Filter>
    <Filter Include="Source Files\Macro">
      <UniqueIdentifier>{68a71fe7-d916-4f58-af59-9fef0af9b051}</UniqueIdentifier>
    </Filter>
    <Filter Include="Source Files\Debug">
      <UniqueIdentifier>{06c6298b-457e-4b1d-ba0c-4f4e2f639d64}</UniqueIdentifier>
    </Filter>
    <Filter Include="Source Files\Manager\Camera">
      <UniqueIdentifier>{8f60e1ae-d1db-48e1-919e-f078aa20c44f}</UniqueIdentifier>
    </Filter>
    <Filter Include="Source Files\Component\Animation">
      <UniqueIdentifier>{f3eb255c-b345-4f4a-bceb-703fceddbdb9}</UniqueIdentifier>
    </Filter>
    <Filter Include="Source Files\Component\Rythm">
      <UniqueIdentifier>{86b2fb8d-15f1-49de-b16c-221b7ae1a651}</UniqueIdentifier>
    </Filter>
    <Filter Include="Source Files\Map">
      <UniqueIdentifier>{a64053eb-d87f-4ef0-9af8-3be1234a0eeb}</UniqueIdentifier>
    </Filter>
    <Filter Include="Source Files\Able">
      <UniqueIdentifier>{fa77cff4-204e-4b56-bd62-86d26aa2823c}</UniqueIdentifier>
    </Filter>
    <Filter Include="Source Files\Inventory">
      <UniqueIdentifier>{19560a30-9ec8-47c3-8416-8cbc0a4a87ee}</UniqueIdentifier>
    </Filter>
    <Filter Include="Source Files\Manager\Light">
      <UniqueIdentifier>{0183e336-2994-466b-b12d-2f3625d66b57}</UniqueIdentifier>
    </Filter>
    <Filter Include="Source Files\Game">
      <UniqueIdentifier>{0a4d105c-a2ba-4ce6-87a1-f457db54d50b}</UniqueIdentifier>
    </Filter>
    <Filter Include="Source Files\Map\Room">
      <UniqueIdentifier>{8908e230-f6da-4126-9719-a22caa4435a9}</UniqueIdentifier>
    </Filter>
    <Filter Include="Source Files\Inventory\Item">
      <UniqueIdentifier>{34e69d28-4940-48b4-b138-1637b81b35f4}</UniqueIdentifier>
    </Filter>
    <Filter Include="Source Files\Component\Collision">
      <UniqueIdentifier>{0c366de2-4b03-4655-b69d-b1f07f260ef6}</UniqueIdentifier>
    </Filter>
    <Filter Include="Source Files\Component\Damage">
      <UniqueIdentifier>{38d9f45e-3b25-49e6-ae45-082619d10dca}</UniqueIdentifier>
    </Filter>
    <Filter Include="Source Files\Component\Movement">
      <UniqueIdentifier>{387d5de6-e2e0-429c-a4ae-38d9aebe2281}</UniqueIdentifier>
    </Filter>
    <Filter Include="Source Files\Component\Life">
      <UniqueIdentifier>{c6460399-646b-4e8d-b1c4-c78769537bb6}</UniqueIdentifier>
    </Filter>
    <Filter Include="Source Files\Object\UiElement\ProgressBar">
      <UniqueIdentifier>{010cad2e-90bd-4f51-a711-ae7b8677a29f}</UniqueIdentifier>
    </Filter>
    <Filter Include="Source Files\Object\UiElement\UIImage">
      <UniqueIdentifier>{835facd2-562f-47b4-963d-a50c660f9e16}</UniqueIdentifier>
    </Filter>
    <Filter Include="Source Files\Object\UiElement\UIButton">
      <UniqueIdentifier>{a9e28fdd-65d1-4a63-9a9d-3c605e4f110c}</UniqueIdentifier>
    </Filter>
    <Filter Include="Source Files\Object\UiElement\UIText">
      <UniqueIdentifier>{1c2ba4a1-89fd-4162-9c61-842f05907667}</UniqueIdentifier>
    </Filter>
    <Filter Include="Source Files\Object\Entity\Door">
      <UniqueIdentifier>{ca7df201-8f3d-40a1-9758-73844ab4f07d}</UniqueIdentifier>
    </Filter>
    <Filter Include="Source Files\Object\Entity\Path">
      <UniqueIdentifier>{6a7de074-f973-4a07-b364-487ddd0b49aa}</UniqueIdentifier>
    </Filter>
    <Filter Include="Source Files\Object\Entity\Stair">
      <UniqueIdentifier>{25042389-0d21-448f-afec-2afcafe6dcd4}</UniqueIdentifier>
    </Filter>
    <Filter Include="Source Files\Object\Entity\Trap">
      <UniqueIdentifier>{badf7bb1-a86d-414c-b4cb-492c40187d77}</UniqueIdentifier>
    </Filter>
    <Filter Include="Source Files\Object\Entity\Living">
      <UniqueIdentifier>{0c150cc1-5a8e-4a20-9673-7268dc567feb}</UniqueIdentifier>
    </Filter>
    <Filter Include="Source Files\Manager\Window">
      <UniqueIdentifier>{19b40a1e-06d5-450f-b09b-63631cc43080}</UniqueIdentifier>
    </Filter>
    <Filter Include="Source Files\Object\Entity\Living\Player">
      <UniqueIdentifier>{88536bd7-de51-4ea6-b5a9-b5ed68a87419}</UniqueIdentifier>
    </Filter>
    <Filter Include="Source Files\Object\Entity\Living\Player\PlayerRessource">
      <UniqueIdentifier>{427e4f6e-7c0d-492a-9953-cb652aba53cf}</UniqueIdentifier>
    </Filter>
    <Filter Include="Source Files\Object\Entity\Living\NPC">
      <UniqueIdentifier>{7989c446-381e-421c-88d6-c4b92cab6db9}</UniqueIdentifier>
    </Filter>
    <Filter Include="Source Files\Object\Entity\Living\Enemy">
      <UniqueIdentifier>{d3f52850-86a0-42f7-8060-090f9f927dea}</UniqueIdentifier>
    </Filter>
    <Filter Include="Source Files\Object\Entity\Living\Enemy\Bat">
      <UniqueIdentifier>{8f24dab0-f035-4845-b8dc-2aa1a7138268}</UniqueIdentifier>
    </Filter>
    <Filter Include="Source Files\Object\Entity\Living\Enemy\Skeleton">
      <UniqueIdentifier>{75e2b3c6-b739-4c0b-b05d-88bf41b6f09b}</UniqueIdentifier>
    </Filter>
    <Filter Include="Source Files\Object\Entity\Living\Enemy\Slime">
      <UniqueIdentifier>{d8fb313d-8653-43f4-af62-bf5f26672f1e}</UniqueIdentifier>
    </Filter>
    <Filter Include="Source Files\Inventory\Item\Bomb">
      <UniqueIdentifier>{905074a0-41c9-4324-ae3c-98e3f718f0b6}</UniqueIdentifier>
    </Filter>
    <Filter Include="Source Files\Map\Generator">
      <UniqueIdentifier>{d828d5ab-db2f-486a-b61c-cb8558fcaa10}</UniqueIdentifier>
    </Filter>
    <Filter Include="Source Files\Object\UiElement\UIImage\Heart">
      <UniqueIdentifier>{c4555242-c6de-4eae-9d86-a1e5e96e7031}</UniqueIdentifier>
    </Filter>
    <Filter Include="Source Files\Object\UiElement\UIImage\RythmIndicator">
      <UniqueIdentifier>{66991929-a401-436c-8072-c220b1b198c7}</UniqueIdentifier>
    </Filter>
    <Filter Include="Source Files\Object\UiElement\UIAnimation">
      <UniqueIdentifier>{f7ae8b73-a64f-40f5-a905-d62f63a8c25c}</UniqueIdentifier>
    </Filter>
    <Filter Include="Source Files\Able\Placeable">
      <UniqueIdentifier>{d057bd98-d6a4-49cd-9fea-9360dd118a48}</UniqueIdentifier>
    </Filter>
    <Filter Include="Source Files\Able\Placeable\Tile">
      <UniqueIdentifier>{9c82ab8b-8589-4998-a1c9-5684a437cfd3}</UniqueIdentifier>
    </Filter>
    <Filter Include="Source Files\Able\Placeable\Wall">
      <UniqueIdentifier>{bcacc391-2f6f-4549-a68b-01aeec8908d3}</UniqueIdentifier>
    </Filter>
    <Filter Include="Source Files\Able\Placeable\Wall\Torch">
      <UniqueIdentifier>{870be7e5-08f0-4e28-a9eb-3fcbaeed3952}</UniqueIdentifier>
    </Filter>
  </ItemGroup>
  <ItemGroup>
    <ClCompile Include="Main.cpp">
      <Filter>Source Files</Filter>
    </ClCompile>
    <ClCompile Include="EntityManager.cpp">
      <Filter>Source Files\Manager\Entity</Filter>
    </ClCompile>
    <ClCompile Include="FontData.cpp">
      <Filter>Source Files\Manager\Font</Filter>
    </ClCompile>
    <ClCompile Include="FontManager.cpp">
      <Filter>Source Files\Manager\Font</Filter>
    </ClCompile>
    <ClCompile Include="SoundData.cpp">
      <Filter>Source Files\Manager\Sound</Filter>
    </ClCompile>
    <ClCompile Include="SoundManager.cpp">
      <Filter>Source Files\Manager\Sound</Filter>
    </ClCompile>
    <ClCompile Include="MenuManager.cpp">
      <Filter>Source Files\Manager\Menu</Filter>
    </ClCompile>
    <ClCompile Include="Menu.cpp">
      <Filter>Source Files\Manager\Menu</Filter>
    </ClCompile>
    <ClCompile Include="Timer.cpp">
      <Filter>Source Files\Manager\Timer</Filter>
    </ClCompile>
    <ClCompile Include="TimerManager.cpp">
      <Filter>Source Files\Manager\Timer</Filter>
    </ClCompile>
    <ClCompile Include="TextureData.cpp">
      <Filter>Source Files\Manager\Texture</Filter>
    </ClCompile>
    <ClCompile Include="TextureManager.cpp">
      <Filter>Source Files\Manager\Texture</Filter>
    </ClCompile>
    <ClCompile Include="InputManager.cpp">
      <Filter>Source Files\Manager\Input</Filter>
    </ClCompile>
    <ClCompile Include="InputData.cpp">
      <Filter>Source Files\Manager\Input</Filter>
    </ClCompile>
    <ClCompile Include="Entity.cpp">
      <Filter>Source Files\Object\Entity</Filter>
    </ClCompile>
    <ClCompile Include="Action.cpp">
      <Filter>Source Files\Manager\Input</Filter>
    </ClCompile>
    <ClCompile Include="ActionMap.cpp">
      <Filter>Source Files\Manager\Input</Filter>
    </ClCompile>
    <ClCompile Include="Component.cpp">
      <Filter>Source Files\Component</Filter>
    </ClCompile>
    <ClCompile Include="UIElement.cpp">
      <Filter>Source Files\Object\UiElement</Filter>
    </ClCompile>
    <ClCompile Include="Macro.cpp">
      <Filter>Source Files\Macro</Filter>
    </ClCompile>
    <ClCompile Include="Camera.cpp">
      <Filter>Source Files\Manager\Camera</Filter>
    </ClCompile>
    <ClCompile Include="CameraManager.cpp">
      <Filter>Source Files\Manager\Camera</Filter>
    </ClCompile>
    <ClCompile Include="Animation.cpp">
      <Filter>Source Files\Component\Animation</Filter>
    </ClCompile>
    <ClCompile Include="AnimationComponent.cpp">
      <Filter>Source Files\Component\Animation</Filter>
    </ClCompile>
    <ClCompile Include="Map.cpp">
      <Filter>Source Files\Map</Filter>
    </ClCompile>
    <ClCompile Include="Enemy.cpp">
      <Filter>Source Files\Object\Entity\Living\Enemy</Filter>
    </ClCompile>
    <ClCompile Include="Inventory.cpp">
      <Filter>Source Files\Inventory</Filter>
    </ClCompile>
    <ClCompile Include="MusicData.cpp">
      <Filter>Source Files\Manager\Music</Filter>
    </ClCompile>
    <ClCompile Include="MusicManager.cpp">
      <Filter>Source Files\Manager\Music</Filter>
    </ClCompile>
    <ClCompile Include="LightningManager.cpp">
      <Filter>Source Files\Manager\Light</Filter>
    </ClCompile>
    <ClCompile Include="Bat.cpp">
      <Filter>Source Files\Object\Entity\Living\Enemy\Bat</Filter>
    </ClCompile>
    <ClCompile Include="Game.cpp">
      <Filter>Source Files\Game</Filter>
    </ClCompile>
    <ClCompile Include="Room.cpp">
      <Filter>Source Files\Map\Room</Filter>
    </ClCompile>
    <ClCompile Include="Item.cpp">
      <Filter>Source Files\Inventory\Item</Filter>
    </ClCompile>
    <ClCompile Include="CollisionComponent.cpp">
      <Filter>Source Files\Component\Collision</Filter>
    </ClCompile>
    <ClCompile Include="LifeComponent.cpp">
      <Filter>Source Files\Component\Life</Filter>
    </ClCompile>
    <ClCompile Include="MovementComponent.cpp">
      <Filter>Source Files\Component\Movement</Filter>
    </ClCompile>
    <ClCompile Include="DamageComponent.cpp">
      <Filter>Source Files\Component\Damage</Filter>
    </ClCompile>
    <ClCompile Include="UIButton.cpp">
      <Filter>Source Files\Object\UiElement\UIButton</Filter>
    </ClCompile>
    <ClCompile Include="UIImage.cpp">
      <Filter>Source Files\Object\UiElement\UIImage</Filter>
    </ClCompile>
    <ClCompile Include="ProgressBar.cpp">
      <Filter>Source Files\Object\UiElement\ProgressBar</Filter>
    </ClCompile>
    <ClCompile Include="Heart.cpp">
      <Filter>Source Files\Object\UiElement\UIImage\Heart</Filter>
    </ClCompile>
    <ClCompile Include="UIText.cpp">
      <Filter>Source Files\Object\UiElement\UIText</Filter>
    </ClCompile>
    <ClCompile Include="PlayerRessource.cpp">
      <Filter>Source Files\Object\Entity\Living\Player\PlayerRessource</Filter>
    </ClCompile>
    <ClCompile Include="Door.cpp">
      <Filter>Source Files\Object\Entity\Door</Filter>
    </ClCompile>
    <ClCompile Include="Path.cpp">
      <Filter>Source Files\Object\Entity\Path</Filter>
    </ClCompile>
    <ClCompile Include="Stair.cpp">
      <Filter>Source Files\Object\Entity\Stair</Filter>
    </ClCompile>
    <ClCompile Include="Trap.cpp">
      <Filter>Source Files\Object\Entity\Trap</Filter>
    </ClCompile>
    <ClCompile Include="WindowManager.cpp">
      <Filter>Source Files\Manager\Window</Filter>
    </ClCompile>
    <ClCompile Include="Player.cpp">
      <Filter>Source Files\Object\Entity\Living\Player</Filter>
    </ClCompile>
    <ClCompile Include="Skeleton.cpp">
      <Filter>Source Files\Object\Entity\Living\Enemy\Skeleton</Filter>
    </ClCompile>
    <ClCompile Include="Slime.cpp">
      <Filter>Source Files\Object\Entity\Living\Enemy\Slime</Filter>
    </ClCompile>
    <ClCompile Include="Living.cpp">
      <Filter>Source Files\Object\Entity\Living</Filter>
    </ClCompile>
    <ClCompile Include="NPC.cpp">
      <Filter>Source Files\Object\Entity\Living\NPC</Filter>
    </ClCompile>
    <ClCompile Include="Placeable.cpp">
      <Filter>Source Files\Able\Placeable</Filter>
    </ClCompile>
    <ClCompile Include="Wall.cpp">
      <Filter>Source Files\Able\Placeable\Wall</Filter>
    </ClCompile>
    <ClCompile Include="Tile.cpp">
      <Filter>Source Files\Able\Placeable\Tile</Filter>
    </ClCompile>
    <ClCompile Include="Bomb.cpp">
      <Filter>Source Files\Inventory\Item\Bomb</Filter>
    </ClCompile>
    <ClCompile Include="Generator.cpp">
      <Filter>Source Files\Map\Generator</Filter>
    </ClCompile>
    <ClCompile Include="LightSource.cpp">
      <Filter>Source Files\Manager\Light</Filter>
    </ClCompile>
    <ClCompile Include="RythmIndicator.cpp">
      <Filter>Source Files\Object\UiElement\UIImage\RythmIndicator</Filter>
    </ClCompile>
    <ClCompile Include="Torch.cpp">
      <Filter>Source Files\Able\Placeable\Wall\Torch</Filter>
    </ClCompile>
    <ClCompile Include="UIAnimation.cpp">
      <Filter>Source Files\Object\UiElement\UIAnimation</Filter>
    </ClCompile>
    <ClCompile Include="Calibration.cpp">
      <Filter>Source Files</Filter>
    </ClCompile>
    <ClCompile Include="Ice.cpp">
      <Filter>Source Files</Filter>
    </ClCompile>
    <ClCompile Include="HotCoals.cpp">
      <Filter>Source Files</Filter>
    </ClCompile>
    <ClCompile Include="Chest.cpp">
      <Filter>Source Files</Filter>
    </ClCompile>
    <ClCompile Include="ShopStand.cpp">
      <Filter>Source Files</Filter>
    </ClCompile>
    <ClCompile Include="Swipe.cpp">
      <Filter>Source Files</Filter>
    </ClCompile>
    <ClCompile Include="Dummy.cpp">
      <Filter>Source Files</Filter>
    </ClCompile>
    <ClCompile Include="Wraith.cpp">
      <Filter>Source Files</Filter>
    </ClCompile>
  </ItemGroup>
  <ItemGroup>
    <ClInclude Include="EntityManager.h">
      <Filter>Source Files\Manager\Entity</Filter>
    </ClInclude>
    <ClInclude Include="FontData.h">
      <Filter>Source Files\Manager\Font</Filter>
    </ClInclude>
    <ClInclude Include="FontManager.h">
      <Filter>Source Files\Manager\Font</Filter>
    </ClInclude>
    <ClInclude Include="SoundData.h">
      <Filter>Source Files\Manager\Sound</Filter>
    </ClInclude>
    <ClInclude Include="SoundManager.h">
      <Filter>Source Files\Manager\Sound</Filter>
    </ClInclude>
    <ClInclude Include="MenuManager.h">
      <Filter>Source Files\Manager\Menu</Filter>
    </ClInclude>
    <ClInclude Include="Menu.h">
      <Filter>Source Files\Manager\Menu</Filter>
    </ClInclude>
    <ClInclude Include="Timer.h">
      <Filter>Source Files\Manager\Timer</Filter>
    </ClInclude>
    <ClInclude Include="TimerManager.h">
      <Filter>Source Files\Manager\Timer</Filter>
    </ClInclude>
    <ClInclude Include="TextureData.h">
      <Filter>Source Files\Manager\Texture</Filter>
    </ClInclude>
    <ClInclude Include="TextureManager.h">
      <Filter>Source Files\Manager\Texture</Filter>
    </ClInclude>
    <ClInclude Include="InputManager.h">
      <Filter>Source Files\Manager\Input</Filter>
    </ClInclude>
    <ClInclude Include="InputData.h">
      <Filter>Source Files\Manager\Input</Filter>
    </ClInclude>
    <ClInclude Include="IManagable.h">
      <Filter>Source Files\Manager</Filter>
    </ClInclude>
    <ClInclude Include="IManager.h">
      <Filter>Source Files\Manager</Filter>
    </ClInclude>
    <ClInclude Include="Singleton.h">
      <Filter>Source Files\Manager</Filter>
    </ClInclude>
    <ClInclude Include="Entity.h">
      <Filter>Source Files\Object\Entity</Filter>
    </ClInclude>
    <ClInclude Include="Action.h">
      <Filter>Source Files\Manager\Input</Filter>
    </ClInclude>
    <ClInclude Include="ActionMap.h">
      <Filter>Source Files\Manager\Input</Filter>
    </ClInclude>
    <ClInclude Include="Component.h">
      <Filter>Source Files\Component</Filter>
    </ClInclude>
    <ClInclude Include="UIElement.h">
      <Filter>Source Files\Object\UiElement</Filter>
    </ClInclude>
    <ClInclude Include="Macro.h">
      <Filter>Source Files\Macro</Filter>
    </ClInclude>
    <ClInclude Include="Debug.h">
      <Filter>Source Files\Debug</Filter>
    </ClInclude>
    <ClInclude Include="Camera.h">
      <Filter>Source Files\Manager\Camera</Filter>
    </ClInclude>
    <ClInclude Include="CameraManager.h">
      <Filter>Source Files\Manager\Camera</Filter>
    </ClInclude>
    <ClInclude Include="Animation.h">
      <Filter>Source Files\Component\Animation</Filter>
    </ClInclude>
    <ClInclude Include="AnimationComponent.h">
      <Filter>Source Files\Component\Animation</Filter>
    </ClInclude>
    <ClInclude Include="Map.h">
      <Filter>Source Files\Map</Filter>
    </ClInclude>
    <ClInclude Include="Player.h">
      <Filter>Source Files\Object\Entity\Living\Player</Filter>
    </ClInclude>
    <ClInclude Include="Enemy.h">
      <Filter>Source Files\Object\Entity\Living\Enemy</Filter>
    </ClInclude>
    <ClInclude Include="Inventory.h">
      <Filter>Source Files\Inventory</Filter>
    </ClInclude>
    <ClInclude Include="MusicData.h">
      <Filter>Source Files\Manager\Music</Filter>
    </ClInclude>
    <ClInclude Include="MusicManager.h">
      <Filter>Source Files\Manager\Music</Filter>
    </ClInclude>
    <ClInclude Include="LightningManager.h">
      <Filter>Source Files\Manager\Light</Filter>
    </ClInclude>
    <ClInclude Include="Bat.h">
      <Filter>Source Files\Object\Entity\Living\Enemy\Bat</Filter>
    </ClInclude>
    <ClInclude Include="Game.h">
      <Filter>Source Files\Game</Filter>
    </ClInclude>
    <ClInclude Include="Room.h">
      <Filter>Source Files\Map\Room</Filter>
    </ClInclude>
    <ClInclude Include="Item.h">
      <Filter>Source Files\Inventory\Item</Filter>
    </ClInclude>
    <ClInclude Include="CollisionComponent.h">
      <Filter>Source Files\Component\Collision</Filter>
    </ClInclude>
    <ClInclude Include="LifeComponent.h">
      <Filter>Source Files\Component\Life</Filter>
    </ClInclude>
    <ClInclude Include="MovementComponent.h">
      <Filter>Source Files\Component\Movement</Filter>
    </ClInclude>
    <ClInclude Include="DamageComponent.h">
      <Filter>Source Files\Component\Damage</Filter>
    </ClInclude>
    <ClInclude Include="UIButton.h">
      <Filter>Source Files\Object\UiElement\UIButton</Filter>
    </ClInclude>
    <ClInclude Include="UIImage.h">
      <Filter>Source Files\Object\UiElement\UIImage</Filter>
    </ClInclude>
    <ClInclude Include="ProgressBar.h">
      <Filter>Source Files\Object\UiElement\ProgressBar</Filter>
    </ClInclude>
    <ClInclude Include="Heart.h">
      <Filter>Source Files\Object\UiElement\UIImage\Heart</Filter>
    </ClInclude>
    <ClInclude Include="UIText.h">
      <Filter>Source Files\Object\UiElement\UIText</Filter>
    </ClInclude>
    <ClInclude Include="PlayerRessource.h">
      <Filter>Source Files\Object\Entity\Living\Player\PlayerRessource</Filter>
    </ClInclude>
    <ClInclude Include="Door.h">
      <Filter>Source Files\Object\Entity\Door</Filter>
    </ClInclude>
    <ClInclude Include="Path.h">
      <Filter>Source Files\Object\Entity\Path</Filter>
    </ClInclude>
    <ClInclude Include="Stair.h">
      <Filter>Source Files\Object\Entity\Stair</Filter>
    </ClInclude>
    <ClInclude Include="Trap.h">
      <Filter>Source Files\Object\Entity\Trap</Filter>
    </ClInclude>
    <ClInclude Include="WindowManager.h">
      <Filter>Source Files\Manager\Window</Filter>
    </ClInclude>
    <ClInclude Include="Zones.h">
      <Filter>Source Files\Map</Filter>
    </ClInclude>
    <ClInclude Include="Skeleton.h">
      <Filter>Source Files\Object\Entity\Living\Enemy\Skeleton</Filter>
    </ClInclude>
    <ClInclude Include="Slime.h">
      <Filter>Source Files\Object\Entity\Living\Enemy\Slime</Filter>
    </ClInclude>
    <ClInclude Include="Living.h">
      <Filter>Source Files\Object\Entity\Living</Filter>
    </ClInclude>
    <ClInclude Include="NPC.h">
      <Filter>Source Files\Object\Entity\Living\NPC</Filter>
    </ClInclude>
    <ClInclude Include="Placeable.h">
      <Filter>Source Files\Able\Placeable</Filter>
    </ClInclude>
    <ClInclude Include="Wall.h">
      <Filter>Source Files\Able\Placeable\Wall</Filter>
    </ClInclude>
    <ClInclude Include="Tile.h">
      <Filter>Source Files\Able\Placeable\Tile</Filter>
    </ClInclude>
    <ClInclude Include="Bomb.h">
      <Filter>Source Files\Inventory\Item\Bomb</Filter>
    </ClInclude>
    <ClInclude Include="Generator.h">
      <Filter>Source Files\Map\Generator</Filter>
    </ClInclude>
    <ClInclude Include="LightSource.h">
      <Filter>Source Files\Manager\Light</Filter>
    </ClInclude>
    <ClInclude Include="RythmIndicator.h">
      <Filter>Source Files\Object\UiElement\UIImage\RythmIndicator</Filter>
    </ClInclude>
    <ClInclude Include="Torch.h">
      <Filter>Source Files\Able\Placeable\Wall\Torch</Filter>
    </ClInclude>
    <ClInclude Include="UIAnimation.h">
      <Filter>Source Files\Object\UiElement\UIAnimation</Filter>
    </ClInclude>
    <ClInclude Include="Calibration.h">
      <Filter>Header Files</Filter>
    </ClInclude>
    <ClInclude Include="Items.h">
      <Filter>Source Files\Inventory\Item</Filter>
    </ClInclude>
    <ClInclude Include="HotCoals.h">
      <Filter>Header Files</Filter>
    </ClInclude>
    <ClInclude Include="Ice.h">
      <Filter>Header Files</Filter>
    </ClInclude>
    <ClInclude Include="Chest.h">
      <Filter>Header Files</Filter>
    </ClInclude>
    <ClInclude Include="ShopStand.h">
      <Filter>Header Files</Filter>
    </ClInclude>
    <ClInclude Include="Swipe.h">
      <Filter>Header Files</Filter>
    </ClInclude>
    <ClInclude Include="Dummy.h">
      <Filter>Header Files</Filter>
    </ClInclude>
    <ClInclude Include="Wraith.h">
      <Filter>Header Files</Filter>
    </ClInclude>
  </ItemGroup>
</Project>